<?xml version="1.0" encoding="utf-8"?>
<Project ToolsVersion="4.0" xmlns="http://schemas.microsoft.com/developer/msbuild/2003">
  <ItemGroup>
    <Filter Include="Source Files">
      <UniqueIdentifier>{916549f2-4883-4017-ac49-2a06f84f30c7}</UniqueIdentifier>
      <Extensions>cpp;c;cxx;rc;def;r;odl;idl;hpj;bat</Extensions>
    </Filter>
    <Filter Include="Header Files">
      <UniqueIdentifier>{37ef1994-87ba-4daa-afc6-e7bf8a6ef7ba}</UniqueIdentifier>
      <Extensions>h;hpp;hxx;hm;inl</Extensions>
    </Filter>
    <Filter Include="Resource Files">
      <UniqueIdentifier>{9af60a4a-4f27-4210-b4e9-2f0e4cd8ce6f}</UniqueIdentifier>
      <Extensions>ico;cur;bmp;dlg;rc2;rct;bin;cnt;rtf;gif;jpg;jpeg;jpe</Extensions>
    </Filter>
    <Filter Include="Help Files">
      <UniqueIdentifier>{eb96bc54-2ea9-4fe6-9c44-964066501992}</UniqueIdentifier>
    </Filter>
  </ItemGroup>
  <ItemGroup>
    <ClCompile Include="3DDataPage.cpp">
      <Filter>Source Files</Filter>
    </ClCompile>
    <ClCompile Include="3DDataSheet.cpp">
      <Filter>Source Files</Filter>
    </ClCompile>
    <ClCompile Include="3DToolBar.cpp">
      <Filter>Source Files</Filter>
    </ClCompile>
    <ClCompile Include="Actualizador.cpp">
      <Filter>Source Files</Filter>
    </ClCompile>
    <ClCompile Include="Angulo.cpp">
      <Filter>Source Files</Filter>
    </ClCompile>
    <ClCompile Include="AnguloPage.cpp">
      <Filter>Source Files</Filter>
    </ClCompile>
    <ClCompile Include="AnguloSheet.cpp">
      <Filter>Source Files</Filter>
    </ClCompile>
    <ClCompile Include="CalculoTensoresPageDos.cpp">
      <Filter>Source Files</Filter>
    </ClCompile>
    <ClCompile Include="CalculoTensoresPageUno.cpp">
      <Filter>Source Files</Filter>
    </ClCompile>
    <ClCompile Include="CalculoTensoresSheet.cpp">
      <Filter>Source Files</Filter>
    </ClCompile>
    <ClCompile Include="ConstructorMolecula.cpp">
      <Filter>Source Files</Filter>
    </ClCompile>
    <ClCompile Include="CoordEsf.cpp">
      <Filter>Source Files</Filter>
    </ClCompile>
    <ClCompile Include="Distorcion.cpp">
      <Filter>Source Files</Filter>
    </ClCompile>
    <ClCompile Include="EjeRotacionPage.cpp">
      <Filter>Source Files</Filter>
    </ClCompile>
    <ClCompile Include="EjeRotacionSheet.cpp">
      <Filter>Source Files</Filter>
    </ClCompile>
    <ClCompile Include="EnlacePageOne.cpp">
      <Filter>Source Files</Filter>
    </ClCompile>
    <ClCompile Include="EnlacePageThree.cpp">
      <Filter>Source Files</Filter>
    </ClCompile>
    <ClCompile Include="EnlacePageTwo.cpp">
      <Filter>Source Files</Filter>
    </ClCompile>
    <ClCompile Include="EnlaceSheet.cpp">
      <Filter>Source Files</Filter>
    </ClCompile>
    <ClCompile Include="Fichero.cpp">
      <Filter>Source Files</Filter>
    </ClCompile>
    <ClCompile Include="IconosDlgBar.cpp">
      <Filter>Source Files</Filter>
    </ClCompile>
    <ClCompile Include="InteraccCalculada.cpp">
      <Filter>Source Files</Filter>
    </ClCompile>
    <ClCompile Include="InteraccComponent.cpp">
      <Filter>Source Files</Filter>
    </ClCompile>
    <ClCompile Include="InteraccComponentDlg.cpp">
      <Filter>Source Files</Filter>
    </ClCompile>
    <ClCompile Include="Interaccion.cpp">
      <Filter>Source Files</Filter>
    </ClCompile>
    <ClCompile Include="InteraccObservada.cpp">
      <Filter>Source Files</Filter>
    </ClCompile>
    <ClCompile Include="InteraccObservadaPageOne.cpp">
      <Filter>Source Files</Filter>
    </ClCompile>
    <ClCompile Include="InteraccObservadaPageTwo.cpp">
      <Filter>Source Files</Filter>
    </ClCompile>
    <ClCompile Include="InteraccObservadaSheet.cpp">
      <Filter>Source Files</Filter>
    </ClCompile>
    <ClCompile Include="Lado.cpp">
      <Filter>Source Files</Filter>
    </ClCompile>
    <ClCompile Include="ListaPartesDlg.cpp">
      <Filter>Source Files</Filter>
    </ClCompile>
    <ClCompile Include="MainBar.cpp">
      <Filter>Source Files</Filter>
    </ClCompile>
    <ClCompile Include="MainFrm.cpp">
      <Filter>Source Files</Filter>
    </ClCompile>
    <ClCompile Include="Material.cpp">
      <Filter>Source Files</Filter>
    </ClCompile>
    <ClCompile Include="Mathemat.cpp">
      <Filter>Source Files</Filter>
    </ClCompile>
    <ClCompile Include="Matriz.cpp">
      <Filter>Source Files</Filter>
    </ClCompile>
    <ClCompile Include="ObjectsBox.cpp">
      <Filter>Source Files</Filter>
    </ClCompile>
    <ClCompile Include="OpenGLView.cpp">
      <Filter>Source Files</Filter>
    </ClCompile>
    <ClCompile Include="Parametro.cpp">
      <Filter>Source Files</Filter>
    </ClCompile>
    <ClCompile Include="ParametroPageOne.cpp">
      <Filter>Source Files</Filter>
    </ClCompile>
    <ClCompile Include="ParametroPageTwo.cpp">
      <Filter>Source Files</Filter>
    </ClCompile>
    <ClCompile Include="ParametroSheet.cpp">
      <Filter>Source Files</Filter>
    </ClCompile>
    <ClCompile Include="ParametroVariable.cpp">
      <Filter>Source Files</Filter>
    </ClCompile>
    <ClCompile Include="ParametroVariablePageOne.cpp">
      <Filter>Source Files</Filter>
    </ClCompile>
    <ClCompile Include="ParametroVariablePageTwo.cpp">
      <Filter>Source Files</Filter>
    </ClCompile>
    <ClCompile Include="ParametroVariableSheet.cpp">
      <Filter>Source Files</Filter>
    </ClCompile>
    <ClCompile Include="ParteRigida.cpp">
      <Filter>Source Files</Filter>
    </ClCompile>
    <ClCompile Include="PartesListCtrl.cpp">
      <Filter>Source Files</Filter>
    </ClCompile>
    <ClCompile Include="PreferenciasPageOne.cpp">
      <Filter>Source Files</Filter>
    </ClCompile>
    <ClCompile Include="PreferenciasPageThree.cpp">
      <Filter>Source Files</Filter>
    </ClCompile>
    <ClCompile Include="PreferenciasPageTwo.cpp">
      <Filter>Source Files</Filter>
    </ClCompile>
    <ClCompile Include="PreferenciasSheet.cpp">
      <Filter>Source Files</Filter>
    </ClCompile>
    <ClCompile Include="ProgressDlg.cpp">
      <Filter>Source Files</Filter>
    </ClCompile>
    <ClCompile Include="PropiedadesDlg.cpp">
      <Filter>Source Files</Filter>
    </ClCompile>
    <ClCompile Include="Proyecto.cpp">
      <Filter>Source Files</Filter>
    </ClCompile>
    <ClCompile Include="ProyectoDoc.cpp">
      <Filter>Source Files</Filter>
    </ClCompile>
    <ClCompile Include="ProyectoView.cpp">
      <Filter>Source Files</Filter>
    </ClCompile>
    <ClCompile Include="PtoPerpendicular.cpp">
      <Filter>Source Files</Filter>
    </ClCompile>
    <ClCompile Include="Punto3D.cpp">
      <Filter>Source Files</Filter>
    </ClCompile>
    <ClCompile Include="RealizadorCalculo.cpp">
      <Filter>Source Files</Filter>
    </ClCompile>
    <ClCompile Include="RealizadorReporte.cpp">
      <Filter>Source Files</Filter>
    </ClCompile>
    <ClCompile Include="RectaPage.cpp">
      <Filter>Source Files</Filter>
    </ClCompile>
    <ClCompile Include="RectaSheet.cpp">
      <Filter>Source Files</Filter>
    </ClCompile>
    <ClCompile Include="ResultadosOnePageOne.cpp">
      <Filter>Source Files</Filter>
    </ClCompile>
    <ClCompile Include="ResultadosOnePageThree.cpp">
      <Filter>Source Files</Filter>
    </ClCompile>
    <ClCompile Include="ResultadosOnePageTwo.cpp">
      <Filter>Source Files</Filter>
    </ClCompile>
    <ClCompile Include="ResultadosOneSheet.cpp">
      <Filter>Source Files</Filter>
    </ClCompile>
    <ClCompile Include="Rutinas.cpp">
      <Filter>Source Files</Filter>
    </ClCompile>
    <ClCompile Include="Seleccionadora.cpp">
      <Filter>Source Files</Filter>
    </ClCompile>
    <ClCompile Include="SistEcuac.cpp">
      <Filter>Source Files</Filter>
    </ClCompile>
    <ClCompile Include="Spin.cpp">
      <Filter>Source Files</Filter>
    </ClCompile>
    <ClCompile Include="Splash.cpp">
      <Filter>Source Files</Filter>
    </ClCompile>
    <ClCompile Include="StdAfx.cpp">
      <Filter>Source Files</Filter>
    </ClCompile>
    <ClCompile Include="TempView.cpp">
      <Filter>Source Files</Filter>
    </ClCompile>
    <ClCompile Include="Tensor.cpp">
      <Filter>Source Files</Filter>
    </ClCompile>
    <ClCompile Include="Trigonom.cpp">
      <Filter>Source Files</Filter>
    </ClCompile>
    <ClCompile Include="ValorDual.cpp">
      <Filter>Source Files</Filter>
    </ClCompile>
  </ItemGroup>
  <ItemGroup>
    <Midl Include="Proyecto.odl">
      <Filter>Source Files</Filter>
    </Midl>
  </ItemGroup>
  <ItemGroup>
    <ResourceCompile Include="Proyecto.rc">
      <Filter>Source Files</Filter>
    </ResourceCompile>
  </ItemGroup>
  <ItemGroup>
    <ClInclude Include="3DDataPage.h">
      <Filter>Header Files</Filter>
    </ClInclude>
    <ClInclude Include="3DDataSheet.h">
      <Filter>Header Files</Filter>
    </ClInclude>
    <ClInclude Include="3DToolBar.h">
      <Filter>Header Files</Filter>
    </ClInclude>
    <ClInclude Include="Actualizador.h">
      <Filter>Header Files</Filter>
    </ClInclude>
    <ClInclude Include="Angulo.h">
      <Filter>Header Files</Filter>
    </ClInclude>
    <ClInclude Include="AnguloPage.h">
      <Filter>Header Files</Filter>
    </ClInclude>
    <ClInclude Include="AnguloSheet.h">
      <Filter>Header Files</Filter>
    </ClInclude>
    <ClInclude Include="CalculoTensoresPageDos.h">
      <Filter>Header Files</Filter>
    </ClInclude>
    <ClInclude Include="CalculoTensoresPageUno.h">
      <Filter>Header Files</Filter>
    </ClInclude>
    <ClInclude Include="CalculoTensoresSheet.h">
      <Filter>Header Files</Filter>
    </ClInclude>
    <ClInclude Include="ConstructorMolecula.h">
      <Filter>Header Files</Filter>
    </ClInclude>
    <ClInclude Include="CoordEsf.h">
      <Filter>Header Files</Filter>
    </ClInclude>
    <ClInclude Include="Distorcion.h">
      <Filter>Header Files</Filter>
    </ClInclude>
    <ClInclude Include="EjeRotacionPage.h">
      <Filter>Header Files</Filter>
    </ClInclude>
    <ClInclude Include="EjeRotacionSheet.h">
      <Filter>Header Files</Filter>
    </ClInclude>
    <ClInclude Include="EnlacePageOne.h">
      <Filter>Header Files</Filter>
    </ClInclude>
    <ClInclude Include="EnlacePageThree.h">
      <Filter>Header Files</Filter>
    </ClInclude>
    <ClInclude Include="EnlacePageTwo.h">
      <Filter>Header Files</Filter>
    </ClInclude>
    <ClInclude Include="EnlaceSheet.h">
      <Filter>Header Files</Filter>
    </ClInclude>
    <ClInclude Include="ErrorMsg.h">
      <Filter>Header Files</Filter>
    </ClInclude>
    <ClInclude Include="Fichero.h">
      <Filter>Header Files</Filter>
    </ClInclude>
    <ClInclude Include="IconosDlgBar.h">
      <Filter>Header Files</Filter>
    </ClInclude>
    <ClInclude Include="InteraccCalculada.h">
      <Filter>Header Files</Filter>
    </ClInclude>
    <ClInclude Include="InteraccComponent.h">
      <Filter>Header Files</Filter>
    </ClInclude>
    <ClInclude Include="InteraccComponentDlg.h">
      <Filter>Header Files</Filter>
    </ClInclude>
    <ClInclude Include="Interaccion.h">
      <Filter>Header Files</Filter>
    </ClInclude>
    <ClInclude Include="InteraccObservada.h">
      <Filter>Header Files</Filter>
    </ClInclude>
    <ClInclude Include="InteraccObservadaPageOne.h">
      <Filter>Header Files</Filter>
    </ClInclude>
    <ClInclude Include="InteraccObservadaPageTwo.h">
      <Filter>Header Files</Filter>
    </ClInclude>
    <ClInclude Include="InteraccObservadaSheet.h">
      <Filter>Header Files</Filter>
    </ClInclude>
    <ClInclude Include="Lado.h">
      <Filter>Header Files</Filter>
    </ClInclude>
    <ClInclude Include="ListaPartesDlg.h">
      <Filter>Header Files</Filter>
    </ClInclude>
    <ClInclude Include="MainBar.h">
      <Filter>Header Files</Filter>
    </ClInclude>
    <ClInclude Include="MainFrm.h">
      <Filter>Header Files</Filter>
    </ClInclude>
    <ClInclude Include="Material.h">
      <Filter>Header Files</Filter>
    </ClInclude>
    <ClInclude Include="Matriz.h">
      <Filter>Header Files</Filter>
    </ClInclude>
    <ClInclude Include="ObjectsBox.h">
      <Filter>Header Files</Filter>
    </ClInclude>
    <ClInclude Include="OpenGLView.h">
      <Filter>Header Files</Filter>
    </ClInclude>
    <ClInclude Include="Parametro.h">
      <Filter>Header Files</Filter>
    </ClInclude>
    <ClInclude Include="ParametroPageOne.h">
      <Filter>Header Files</Filter>
    </ClInclude>
    <ClInclude Include="ParametroPageTwo.h">
      <Filter>Header Files</Filter>
    </ClInclude>
    <ClInclude Include="ParametroSheet.h">
      <Filter>Header Files</Filter>
    </ClInclude>
    <ClInclude Include="ParametroVariable.h">
      <Filter>Header Files</Filter>
    </ClInclude>
    <ClInclude Include="ParametroVariablePageOne.h">
      <Filter>Header Files</Filter>
    </ClInclude>
    <ClInclude Include="ParametroVariablePageTwo.h">
      <Filter>Header Files</Filter>
    </ClInclude>
    <ClInclude Include="ParametroVariableSheet.h">
      <Filter>Header Files</Filter>
    </ClInclude>
    <ClInclude Include="ParteRigida.h">
      <Filter>Header Files</Filter>
    </ClInclude>
    <ClInclude Include="PartesListCtrl.h">
      <Filter>Header Files</Filter>
    </ClInclude>
    <ClInclude Include="PreferenciasPageOne.h">
      <Filter>Header Files</Filter>
    </ClInclude>
    <ClInclude Include="PreferenciasPageThree.h">
      <Filter>Header Files</Filter>
    </ClInclude>
    <ClInclude Include="PreferenciasPageTwo.h">
      <Filter>Header Files</Filter>
    </ClInclude>
    <ClInclude Include="PreferenciasSheet.h">
      <Filter>Header Files</Filter>
    </ClInclude>
    <ClInclude Include="ProgressDlg.h">
      <Filter>Header Files</Filter>
    </ClInclude>
    <ClInclude Include="PropiedadesDlg.h">
      <Filter>Header Files</Filter>
    </ClInclude>
    <ClInclude Include="Proyecto.h">
      <Filter>Header Files</Filter>
    </ClInclude>
    <ClInclude Include="ProyectoDoc.h">
      <Filter>Header Files</Filter>
    </ClInclude>
    <ClInclude Include="ProyectoView.h">
      <Filter>Header Files</Filter>
    </ClInclude>
    <ClInclude Include="PtoPerpendicular.h">
      <Filter>Header Files</Filter>
    </ClInclude>
    <ClInclude Include="Punto3D.h">
      <Filter>Header Files</Filter>
    </ClInclude>
    <ClInclude Include="RealizadorCalculo.h">
      <Filter>Header Files</Filter>
    </ClInclude>
    <ClInclude Include="RealizadorReporte.h">
      <Filter>Header Files</Filter>
    </ClInclude>
    <ClInclude Include="RectaPage.h">
      <Filter>Header Files</Filter>
    </ClInclude>
    <ClInclude Include="RectaSheet.h">
      <Filter>Header Files</Filter>
    </ClInclude>
    <ClInclude Include="Resource.h">
      <Filter>Header Files</Filter>
    </ClInclude>
    <ClInclude Include="ResultadosOnePageOne.h">
      <Filter>Header Files</Filter>
    </ClInclude>
    <ClInclude Include="ResultadosOnePageThree.h">
      <Filter>Header Files</Filter>
    </ClInclude>
    <ClInclude Include="ResultadosOnePageTwo.h">
      <Filter>Header Files</Filter>
    </ClInclude>
    <ClInclude Include="ResultadosOneSheet.h">
      <Filter>Header Files</Filter>
    </ClInclude>
    <ClInclude Include="Rutinas.h">
      <Filter>Header Files</Filter>
    </ClInclude>
    <ClInclude Include="Seleccionadora.h">
      <Filter>Header Files</Filter>
    </ClInclude>
    <ClInclude Include="SistEcuac.h">
      <Filter>Header Files</Filter>
    </ClInclude>
    <ClInclude Include="Spin.h">
      <Filter>Header Files</Filter>
    </ClInclude>
    <ClInclude Include="Splash.h">
      <Filter>Header Files</Filter>
    </ClInclude>
    <ClInclude Include="Sscommon.h">
      <Filter>Header Files</Filter>
    </ClInclude>
    <ClInclude Include="StdAfx.h">
      <Filter>Header Files</Filter>
    </ClInclude>
    <ClInclude Include="Structures.h">
      <Filter>Header Files</Filter>
    </ClInclude>
    <ClInclude Include="TempView.h">
      <Filter>Header Files</Filter>
    </ClInclude>
    <ClInclude Include="Tensor.h">
      <Filter>Header Files</Filter>
    </ClInclude>
    <ClInclude Include="Trigonom.h">
      <Filter>Header Files</Filter>
    </ClInclude>
    <ClInclude Include="ValorDual.h">
      <Filter>Header Files</Filter>
    </ClInclude>
    <ClInclude Include="Mathemat.h">
      <Filter>Header Files</Filter>
    </ClInclude>
  </ItemGroup>
  <ItemGroup>
    <Image Include="hlp\3DTBar.bmp">
      <Filter>Resource Files</Filter>
    </Image>
    <Image Include="Res\_AnilloFenil.bmp">
      <Filter>Resource Files</Filter>
    </Image>
    <Image Include="Res\_AnilloFenilRotacion.bmp">
      <Filter>Resource Files</Filter>
    </Image>
    <Image Include="Res\_Bifenil.bmp">
      <Filter>Resource Files</Filter>
    </Image>
    <Image Include="Res\_BifenilRotacion.bmp">
      <Filter>Resource Files</Filter>
    </Image>
    <Image Include="Res\_Trifenil.bmp">
      <Filter>Resource Files</Filter>
    </Image>
    <Image Include="Res\_TrifenilRotacion.bmp">
      <Filter>Resource Files</Filter>
    </Image>
    <Image Include="res\AnilloFe.ico">
      <Filter>Resource Files</Filter>
    </Image>
    <Image Include="Res\AnilloFenil.bmp">
      <Filter>Resource Files</Filter>
    </Image>
    <Image Include="Res\Bifenil.bmp">
      <Filter>Resource Files</Filter>
    </Image>
    <Image Include="res\Bifenil.ico">
      <Filter>Resource Files</Filter>
    </Image>
    <Image Include="Res\Interacc.ico">
      <Filter>Resource Files</Filter>
    </Image>
    <Image Include="Res\MainFrm.bmp">
      <Filter>Resource Files</Filter>
    </Image>
    <Image Include="res\Param.ico">
      <Filter>Resource Files</Filter>
    </Image>
    <Image Include="res\Proyecto.ico">
      <Filter>Resource Files</Filter>
    </Image>
    <Image Include="res\ProyectoDoc.ico">
      <Filter>Resource Files</Filter>
    </Image>
    <Image Include="Res\Splsh16.bmp">
      <Filter>Resource Files</Filter>
    </Image>
    <Image Include="Res\Tensor.ico">
      <Filter>Resource Files</Filter>
    </Image>
    <Image Include="res\Toolbar.bmp">
      <Filter>Resource Files</Filter>
    </Image>
    <Image Include="Res\Toolbar1.bmp">
      <Filter>Resource Files</Filter>
    </Image>
    <Image Include="Res\Trifenil.bmp">
      <Filter>Resource Files</Filter>
    </Image>
    <Image Include="res\Trifenil.ico">
      <Filter>Resource Files</Filter>
    </Image>
    <Image Include="Res\TrifenilAvertura.bmp">
      <Filter>Resource Files</Filter>
    </Image>
    <Image Include="hlp\AppExit.bmp">
      <Filter>Help Files</Filter>
    </Image>
    <Image Include="hlp\Bullet.bmp">
      <Filter>Help Files</Filter>
    </Image>
    <Image Include="hlp\CurArw2.bmp">
      <Filter>Help Files</Filter>
    </Image>
    <Image Include="hlp\CurArw4.bmp">
      <Filter>Help Files</Filter>
    </Image>
    <Image Include="hlp\CurHelp.bmp">
      <Filter>Help Files</Filter>
    </Image>
    <Image Include="hlp\EditCopy.bmp">
      <Filter>Help Files</Filter>
    </Image>
    <Image Include="hlp\EditCut.bmp">
      <Filter>Help Files</Filter>
    </Image>
    <Image Include="hlp\EditPast.bmp">
      <Filter>Help Files</Filter>
    </Image>
    <Image Include="hlp\EditUndo.bmp">
      <Filter>Help Files</Filter>
    </Image>
    <Image Include="hlp\FileNew.bmp">
      <Filter>Help Files</Filter>
    </Image>
    <Image Include="hlp\FileOpen.bmp">
      <Filter>Help Files</Filter>
    </Image>
    <Image Include="hlp\FilePrnt.bmp">
      <Filter>Help Files</Filter>
    </Image>
    <Image Include="hlp\FileSave.bmp">
      <Filter>Help Files</Filter>
    </Image>
    <Image Include="hlp\HlpSBar.bmp">
      <Filter>Help Files</Filter>
    </Image>
    <Image Include="hlp\HlpTBar.bmp">
      <Filter>Help Files</Filter>
    </Image>
    <Image Include="hlp\Scmax.bmp">
      <Filter>Help Files</Filter>
    </Image>
    <Image Include="hlp\ScMenu.bmp">
      <Filter>Help Files</Filter>
    </Image>
    <Image Include="hlp\Scmin.bmp">
      <Filter>Help Files</Filter>
    </Image>
  </ItemGroup>
  <ItemGroup>
    <Text Include="ReadMe.txt" />
  </ItemGroup>
  <ItemGroup>
    <CustomBuild Include="res\CursorAF.cur">
      <Filter>Resource Files</Filter>
    </CustomBuild>
    <CustomBuild Include="res\CursorBF.cur">
      <Filter>Resource Files</Filter>
    </CustomBuild>
    <CustomBuild Include="res\CursorTF.cur">
      <Filter>Resource Files</Filter>
    </CustomBuild>
    <CustomBuild Include="Res\DragParteRigida.cur">
      <Filter>Resource Files</Filter>
    </CustomBuild>
    <CustomBuild Include="res\Proyecto.rc2">
      <Filter>Resource Files</Filter>
    </CustomBuild>
    <CustomBuild Include="hlp\AfxCore.rtf">
      <Filter>Help Files</Filter>
    </CustomBuild>
    <CustomBuild Include="hlp\AfxPrint.rtf">
      <Filter>Help Files</Filter>
    </CustomBuild>
    <CustomBuild Include="MakeHelp.bat">
      <Filter>Help Files</Filter>
    </CustomBuild>
    <CustomBuild Include="hlp\Proyecto.cnt">
      <Filter>Help Files</Filter>
    </CustomBuild>
    <CustomBuild Include="Proyecto.reg" />
  </ItemGroup>
</Project>